// !$*UTF8*$!
{
	archiveVersion = 1;
	classes = {
	};
	objectVersion = 51;
	objects = {

/* Begin PBXBuildFile section */
		34240E9F2A41E3F200DA1957 /* Artist.swift in Sources */ = {isa = PBXBuildFile; fileRef = 34240E9E2A41E3F200DA1957 /* Artist.swift */; };
		34240EA22A41E4B600DA1957 /* Login.swift in Sources */ = {isa = PBXBuildFile; fileRef = 34240EA12A41E4B600DA1957 /* Login.swift */; };
		34240EA62A41E57000DA1957 /* LoginViewModel.swift in Sources */ = {isa = PBXBuildFile; fileRef = 34240EA52A41E57000DA1957 /* LoginViewModel.swift */; };
		34240EA82A41E6DF00DA1957 /* SignUp.swift in Sources */ = {isa = PBXBuildFile; fileRef = 34240EA72A41E6DF00DA1957 /* SignUp.swift */; };
		34240EAA2A41E71D00DA1957 /* SignUpViewModel.swift in Sources */ = {isa = PBXBuildFile; fileRef = 34240EA92A41E71D00DA1957 /* SignUpViewModel.swift */; };
		34240EAC2A41E9DC00DA1957 /* GoogleService-Info.plist in Resources */ = {isa = PBXBuildFile; fileRef = 34240EAB2A41E9DC00DA1957 /* GoogleService-Info.plist */; };
		3450F9FA2A451CD100FE01EC /* User.swift in Sources */ = {isa = PBXBuildFile; fileRef = 3450F9F92A451CD100FE01EC /* User.swift */; };
		34EC823A2A402CF700BA48CD /* SpotifyApp.swift in Sources */ = {isa = PBXBuildFile; fileRef = 34EC82392A402CF700BA48CD /* SpotifyApp.swift */; };
		34EC823C2A402CF700BA48CD /* ContentView.swift in Sources */ = {isa = PBXBuildFile; fileRef = 34EC823B2A402CF700BA48CD /* ContentView.swift */; };
		34EC823E2A402CF900BA48CD /* Assets.xcassets in Resources */ = {isa = PBXBuildFile; fileRef = 34EC823D2A402CF900BA48CD /* Assets.xcassets */; };
		34EC82412A402CF900BA48CD /* Preview Assets.xcassets in Resources */ = {isa = PBXBuildFile; fileRef = 34EC82402A402CF900BA48CD /* Preview Assets.xcassets */; };
		34EC824C2A402CFA00BA48CD /* SpotifyTests.swift in Sources */ = {isa = PBXBuildFile; fileRef = 34EC824B2A402CFA00BA48CD /* SpotifyTests.swift */; };
		34EC82572A402CFA00BA48CD /* SpotifyUITests.swift in Sources */ = {isa = PBXBuildFile; fileRef = 34EC82562A402CFA00BA48CD /* SpotifyUITests.swift */; };
		34EC826A2A402EEE00BA48CD /* EmptyStateView.swift in Sources */ = {isa = PBXBuildFile; fileRef = 34EC82692A402EEE00BA48CD /* EmptyStateView.swift */; };
		AB317E5D0E4FF40FB83FDB96 /* Pods_SpotifyTests.framework in Frameworks */ = {isa = PBXBuildFile; fileRef = FFCE276BC6A9FAE19057BB0A /* Pods_SpotifyTests.framework */; };
		D96AA3E9159CE700837D3A66 /* Pods_Spotify.framework in Frameworks */ = {isa = PBXBuildFile; fileRef = AA3CEDEDBC47A95ED93983DC /* Pods_Spotify.framework */; };
		FCB899A32D2AEEC823528485 /* Pods_Spotify_SpotifyUITests.framework in Frameworks */ = {isa = PBXBuildFile; fileRef = DC8548B774B391FDC46F9457 /* Pods_Spotify_SpotifyUITests.framework */; };
/* End PBXBuildFile section */

/* Begin PBXContainerItemProxy section */
		34EC82482A402CFA00BA48CD /* PBXContainerItemProxy */ = {
			isa = PBXContainerItemProxy;
			containerPortal = 34EC822E2A402CF700BA48CD /* Project object */;
			proxyType = 1;
			remoteGlobalIDString = 34EC82352A402CF700BA48CD;
			remoteInfo = Spotify;
		};
		34EC82532A402CFA00BA48CD /* PBXContainerItemProxy */ = {
			isa = PBXContainerItemProxy;
			containerPortal = 34EC822E2A402CF700BA48CD /* Project object */;
			proxyType = 1;
			remoteGlobalIDString = 34EC82352A402CF700BA48CD;
			remoteInfo = Spotify;
		};
/* End PBXContainerItemProxy section */

/* Begin PBXFileReference section */
		07D5FA7FAED09CD97AA4A2F5 /* Pods-Spotify-SpotifyUITests.debug.xcconfig */ = {isa = PBXFileReference; includeInIndex = 1; lastKnownFileType = text.xcconfig; name = "Pods-Spotify-SpotifyUITests.debug.xcconfig"; path = "Target Support Files/Pods-Spotify-SpotifyUITests/Pods-Spotify-SpotifyUITests.debug.xcconfig"; sourceTree = "<group>"; };
		094C438CBA399D4AD4E788C1 /* Pods-SpotifyTests.release.xcconfig */ = {isa = PBXFileReference; includeInIndex = 1; lastKnownFileType = text.xcconfig; name = "Pods-SpotifyTests.release.xcconfig"; path = "Target Support Files/Pods-SpotifyTests/Pods-SpotifyTests.release.xcconfig"; sourceTree = "<group>"; };
		0B72A177B9EA200EE00E02FA /* Pods-Spotify.release.xcconfig */ = {isa = PBXFileReference; includeInIndex = 1; lastKnownFileType = text.xcconfig; name = "Pods-Spotify.release.xcconfig"; path = "Target Support Files/Pods-Spotify/Pods-Spotify.release.xcconfig"; sourceTree = "<group>"; };
		0CB14073BF810FB90BED3517 /* Pods-Spotify-SpotifyUITests.release.xcconfig */ = {isa = PBXFileReference; includeInIndex = 1; lastKnownFileType = text.xcconfig; name = "Pods-Spotify-SpotifyUITests.release.xcconfig"; path = "Target Support Files/Pods-Spotify-SpotifyUITests/Pods-Spotify-SpotifyUITests.release.xcconfig"; sourceTree = "<group>"; };
		34240E9E2A41E3F200DA1957 /* Artist.swift */ = {isa = PBXFileReference; lastKnownFileType = sourcecode.swift; path = Artist.swift; sourceTree = "<group>"; };
		34240EA12A41E4B600DA1957 /* Login.swift */ = {isa = PBXFileReference; lastKnownFileType = sourcecode.swift; path = Login.swift; sourceTree = "<group>"; };
		34240EA52A41E57000DA1957 /* LoginViewModel.swift */ = {isa = PBXFileReference; lastKnownFileType = sourcecode.swift; path = LoginViewModel.swift; sourceTree = "<group>"; };
		34240EA72A41E6DF00DA1957 /* SignUp.swift */ = {isa = PBXFileReference; lastKnownFileType = sourcecode.swift; path = SignUp.swift; sourceTree = "<group>"; };
		34240EA92A41E71D00DA1957 /* SignUpViewModel.swift */ = {isa = PBXFileReference; lastKnownFileType = sourcecode.swift; path = SignUpViewModel.swift; sourceTree = "<group>"; };
		34240EAB2A41E9DC00DA1957 /* GoogleService-Info.plist */ = {isa = PBXFileReference; fileEncoding = 4; lastKnownFileType = text.plist.xml; path = "GoogleService-Info.plist"; sourceTree = "<group>"; };
		3450F9F92A451CD100FE01EC /* User.swift */ = {isa = PBXFileReference; lastKnownFileType = sourcecode.swift; path = User.swift; sourceTree = "<group>"; };
		34EC82362A402CF700BA48CD /* Spotify.app */ = {isa = PBXFileReference; explicitFileType = wrapper.application; includeInIndex = 0; path = Spotify.app; sourceTree = BUILT_PRODUCTS_DIR; };
		34EC82392A402CF700BA48CD /* SpotifyApp.swift */ = {isa = PBXFileReference; lastKnownFileType = sourcecode.swift; path = SpotifyApp.swift; sourceTree = "<group>"; };
		34EC823B2A402CF700BA48CD /* ContentView.swift */ = {isa = PBXFileReference; lastKnownFileType = sourcecode.swift; path = ContentView.swift; sourceTree = "<group>"; };
		34EC823D2A402CF900BA48CD /* Assets.xcassets */ = {isa = PBXFileReference; lastKnownFileType = folder.assetcatalog; path = Assets.xcassets; sourceTree = "<group>"; };
		34EC82402A402CF900BA48CD /* Preview Assets.xcassets */ = {isa = PBXFileReference; lastKnownFileType = folder.assetcatalog; path = "Preview Assets.xcassets"; sourceTree = "<group>"; };
		34EC82422A402CF900BA48CD /* Info.plist */ = {isa = PBXFileReference; lastKnownFileType = text.plist.xml; path = Info.plist; sourceTree = "<group>"; };
		34EC82472A402CFA00BA48CD /* SpotifyTests.xctest */ = {isa = PBXFileReference; explicitFileType = wrapper.cfbundle; includeInIndex = 0; path = SpotifyTests.xctest; sourceTree = BUILT_PRODUCTS_DIR; };
		34EC824B2A402CFA00BA48CD /* SpotifyTests.swift */ = {isa = PBXFileReference; lastKnownFileType = sourcecode.swift; path = SpotifyTests.swift; sourceTree = "<group>"; };
		34EC824D2A402CFA00BA48CD /* Info.plist */ = {isa = PBXFileReference; lastKnownFileType = text.plist.xml; path = Info.plist; sourceTree = "<group>"; };
		34EC82522A402CFA00BA48CD /* SpotifyUITests.xctest */ = {isa = PBXFileReference; explicitFileType = wrapper.cfbundle; includeInIndex = 0; path = SpotifyUITests.xctest; sourceTree = BUILT_PRODUCTS_DIR; };
		34EC82562A402CFA00BA48CD /* SpotifyUITests.swift */ = {isa = PBXFileReference; lastKnownFileType = sourcecode.swift; path = SpotifyUITests.swift; sourceTree = "<group>"; };
		34EC82582A402CFA00BA48CD /* Info.plist */ = {isa = PBXFileReference; lastKnownFileType = text.plist.xml; path = Info.plist; sourceTree = "<group>"; };
		34EC82692A402EEE00BA48CD /* EmptyStateView.swift */ = {isa = PBXFileReference; lastKnownFileType = sourcecode.swift; path = EmptyStateView.swift; sourceTree = "<group>"; };
		A5E7F26BC5A1D8A0BDE18D19 /* Pods-SpotifyTests.debug.xcconfig */ = {isa = PBXFileReference; includeInIndex = 1; lastKnownFileType = text.xcconfig; name = "Pods-SpotifyTests.debug.xcconfig"; path = "Target Support Files/Pods-SpotifyTests/Pods-SpotifyTests.debug.xcconfig"; sourceTree = "<group>"; };
		AA3CEDEDBC47A95ED93983DC /* Pods_Spotify.framework */ = {isa = PBXFileReference; explicitFileType = wrapper.framework; includeInIndex = 0; path = Pods_Spotify.framework; sourceTree = BUILT_PRODUCTS_DIR; };
		C92FC34CFBB65017DCABBCC6 /* Pods-Spotify.debug.xcconfig */ = {isa = PBXFileReference; includeInIndex = 1; lastKnownFileType = text.xcconfig; name = "Pods-Spotify.debug.xcconfig"; path = "Target Support Files/Pods-Spotify/Pods-Spotify.debug.xcconfig"; sourceTree = "<group>"; };
		DC8548B774B391FDC46F9457 /* Pods_Spotify_SpotifyUITests.framework */ = {isa = PBXFileReference; explicitFileType = wrapper.framework; includeInIndex = 0; path = Pods_Spotify_SpotifyUITests.framework; sourceTree = BUILT_PRODUCTS_DIR; };
		FFCE276BC6A9FAE19057BB0A /* Pods_SpotifyTests.framework */ = {isa = PBXFileReference; explicitFileType = wrapper.framework; includeInIndex = 0; path = Pods_SpotifyTests.framework; sourceTree = BUILT_PRODUCTS_DIR; };
/* End PBXFileReference section */

/* Begin PBXFrameworksBuildPhase section */
		34EC82332A402CF700BA48CD /* Frameworks */ = {
			isa = PBXFrameworksBuildPhase;
			buildActionMask = 2147483647;
			files = (
				D96AA3E9159CE700837D3A66 /* Pods_Spotify.framework in Frameworks */,
			);
			runOnlyForDeploymentPostprocessing = 0;
		};
		34EC82442A402CFA00BA48CD /* Frameworks */ = {
			isa = PBXFrameworksBuildPhase;
			buildActionMask = 2147483647;
			files = (
				AB317E5D0E4FF40FB83FDB96 /* Pods_SpotifyTests.framework in Frameworks */,
			);
			runOnlyForDeploymentPostprocessing = 0;
		};
		34EC824F2A402CFA00BA48CD /* Frameworks */ = {
			isa = PBXFrameworksBuildPhase;
			buildActionMask = 2147483647;
			files = (
				FCB899A32D2AEEC823528485 /* Pods_Spotify_SpotifyUITests.framework in Frameworks */,
			);
			runOnlyForDeploymentPostprocessing = 0;
		};
/* End PBXFrameworksBuildPhase section */

/* Begin PBXGroup section */
		1FA752FB4D1A1348132AA34B /* Pods */ = {
			isa = PBXGroup;
			children = (
				C92FC34CFBB65017DCABBCC6 /* Pods-Spotify.debug.xcconfig */,
				0B72A177B9EA200EE00E02FA /* Pods-Spotify.release.xcconfig */,
				07D5FA7FAED09CD97AA4A2F5 /* Pods-Spotify-SpotifyUITests.debug.xcconfig */,
				0CB14073BF810FB90BED3517 /* Pods-Spotify-SpotifyUITests.release.xcconfig */,
				A5E7F26BC5A1D8A0BDE18D19 /* Pods-SpotifyTests.debug.xcconfig */,
				094C438CBA399D4AD4E788C1 /* Pods-SpotifyTests.release.xcconfig */,
			);
			path = Pods;
			sourceTree = "<group>";
		};
		2857CB6555BB0F110316E50D /* Frameworks */ = {
			isa = PBXGroup;
			children = (
				AA3CEDEDBC47A95ED93983DC /* Pods_Spotify.framework */,
				DC8548B774B391FDC46F9457 /* Pods_Spotify_SpotifyUITests.framework */,
				FFCE276BC6A9FAE19057BB0A /* Pods_SpotifyTests.framework */,
			);
			name = Frameworks;
			sourceTree = "<group>";
		};
		34240EA02A41E46C00DA1957 /* User */ = {
			isa = PBXGroup;
			children = (
				34240EA12A41E4B600DA1957 /* Login.swift */,
				34240EA72A41E6DF00DA1957 /* SignUp.swift */,
				3450F9F92A451CD100FE01EC /* User.swift */,
			);
			path = User;
			sourceTree = "<group>";
		};
		34240EA42A41E53C00DA1957 /* ViewModel */ = {
			isa = PBXGroup;
			children = (
				34240EA52A41E57000DA1957 /* LoginViewModel.swift */,
				34240EA92A41E71D00DA1957 /* SignUpViewModel.swift */,
			);
			path = ViewModel;
			sourceTree = "<group>";
		};
		34EC822D2A402CF700BA48CD = {
			isa = PBXGroup;
			children = (
				34240EAB2A41E9DC00DA1957 /* GoogleService-Info.plist */,
				34EC82382A402CF700BA48CD /* Spotify */,
				34EC824A2A402CFA00BA48CD /* SpotifyTests */,
				34EC82552A402CFA00BA48CD /* SpotifyUITests */,
				34EC82372A402CF700BA48CD /* Products */,
				2857CB6555BB0F110316E50D /* Frameworks */,
				1FA752FB4D1A1348132AA34B /* Pods */,
			);
			sourceTree = "<group>";
		};
		34EC82372A402CF700BA48CD /* Products */ = {
			isa = PBXGroup;
			children = (
				34EC82362A402CF700BA48CD /* Spotify.app */,
				34EC82472A402CFA00BA48CD /* SpotifyTests.xctest */,
				34EC82522A402CFA00BA48CD /* SpotifyUITests.xctest */,
			);
			name = Products;
			sourceTree = "<group>";
		};
		34EC82382A402CF700BA48CD /* Spotify */ = {
			isa = PBXGroup;
			children = (
				34240EA42A41E53C00DA1957 /* ViewModel */,
				34EC82672A402ECE00BA48CD /* View */,
				34EC82642A402DE700BA48CD /* Model */,
				34EC82392A402CF700BA48CD /* SpotifyApp.swift */,
				34EC823B2A402CF700BA48CD /* ContentView.swift */,
				34EC823D2A402CF900BA48CD /* Assets.xcassets */,
				34EC82422A402CF900BA48CD /* Info.plist */,
				34EC823F2A402CF900BA48CD /* Preview Content */,
			);
			path = Spotify;
			sourceTree = "<group>";
		};
		34EC823F2A402CF900BA48CD /* Preview Content */ = {
			isa = PBXGroup;
			children = (
				34EC82402A402CF900BA48CD /* Preview Assets.xcassets */,
			);
			path = "Preview Content";
			sourceTree = "<group>";
		};
		34EC824A2A402CFA00BA48CD /* SpotifyTests */ = {
			isa = PBXGroup;
			children = (
				34EC824B2A402CFA00BA48CD /* SpotifyTests.swift */,
				34EC824D2A402CFA00BA48CD /* Info.plist */,
			);
			path = SpotifyTests;
			sourceTree = "<group>";
		};
		34EC82552A402CFA00BA48CD /* SpotifyUITests */ = {
			isa = PBXGroup;
			children = (
				34EC82562A402CFA00BA48CD /* SpotifyUITests.swift */,
				34EC82582A402CFA00BA48CD /* Info.plist */,
			);
			path = SpotifyUITests;
			sourceTree = "<group>";
		};
		34EC82642A402DE700BA48CD /* Model */ = {
			isa = PBXGroup;
			children = (
				34240E9E2A41E3F200DA1957 /* Artist.swift */,
			);
			path = Model;
			sourceTree = "<group>";
		};
		34EC82672A402ECE00BA48CD /* View */ = {
			isa = PBXGroup;
			children = (
				34240EA02A41E46C00DA1957 /* User */,
				34EC82682A402ED900BA48CD /* Search */,
			);
			path = View;
			sourceTree = "<group>";
		};
		34EC82682A402ED900BA48CD /* Search */ = {
			isa = PBXGroup;
			children = (
				34EC82692A402EEE00BA48CD /* EmptyStateView.swift */,
			);
			path = Search;
			sourceTree = "<group>";
		};
/* End PBXGroup section */

/* Begin PBXNativeTarget section */
		34EC82352A402CF700BA48CD /* Spotify */ = {
			isa = PBXNativeTarget;
			buildConfigurationList = 34EC825B2A402CFA00BA48CD /* Build configuration list for PBXNativeTarget "Spotify" */;
			buildPhases = (
				3AAAD3C0162D666CF7587E95 /* [CP] Check Pods Manifest.lock */,
				34EC82322A402CF700BA48CD /* Sources */,
				34EC82332A402CF700BA48CD /* Frameworks */,
				34EC82342A402CF700BA48CD /* Resources */,
				9D81280FB39708F842126FF0 /* [CP] Embed Pods Frameworks */,
			);
			buildRules = (
			);
			dependencies = (
			);
			name = Spotify;
			productName = Spotify;
			productReference = 34EC82362A402CF700BA48CD /* Spotify.app */;
			productType = "com.apple.product-type.application";
		};
		34EC82462A402CFA00BA48CD /* SpotifyTests */ = {
			isa = PBXNativeTarget;
			buildConfigurationList = 34EC825E2A402CFA00BA48CD /* Build configuration list for PBXNativeTarget "SpotifyTests" */;
			buildPhases = (
				FB21263D9AC2679239899817 /* [CP] Check Pods Manifest.lock */,
				34EC82432A402CFA00BA48CD /* Sources */,
				34EC82442A402CFA00BA48CD /* Frameworks */,
				34EC82452A402CFA00BA48CD /* Resources */,
			);
			buildRules = (
			);
			dependencies = (
				34EC82492A402CFA00BA48CD /* PBXTargetDependency */,
			);
			name = SpotifyTests;
			productName = SpotifyTests;
			productReference = 34EC82472A402CFA00BA48CD /* SpotifyTests.xctest */;
			productType = "com.apple.product-type.bundle.unit-test";
		};
		34EC82512A402CFA00BA48CD /* SpotifyUITests */ = {
			isa = PBXNativeTarget;
			buildConfigurationList = 34EC82612A402CFA00BA48CD /* Build configuration list for PBXNativeTarget "SpotifyUITests" */;
			buildPhases = (
				C7429E891F398B23842993FD /* [CP] Check Pods Manifest.lock */,
				34EC824E2A402CFA00BA48CD /* Sources */,
				34EC824F2A402CFA00BA48CD /* Frameworks */,
				34EC82502A402CFA00BA48CD /* Resources */,
				7B67BA02701101C63B077E45 /* [CP] Embed Pods Frameworks */,
			);
			buildRules = (
			);
			dependencies = (
				34EC82542A402CFA00BA48CD /* PBXTargetDependency */,
			);
			name = SpotifyUITests;
			productName = SpotifyUITests;
			productReference = 34EC82522A402CFA00BA48CD /* SpotifyUITests.xctest */;
			productType = "com.apple.product-type.bundle.ui-testing";
		};
/* End PBXNativeTarget section */

/* Begin PBXProject section */
		34EC822E2A402CF700BA48CD /* Project object */ = {
			isa = PBXProject;
			attributes = {
				LastSwiftUpdateCheck = 1250;
				LastUpgradeCheck = 1250;
				TargetAttributes = {
					34EC82352A402CF700BA48CD = {
						CreatedOnToolsVersion = 12.5.1;
					};
					34EC82462A402CFA00BA48CD = {
						CreatedOnToolsVersion = 12.5.1;
						TestTargetID = 34EC82352A402CF700BA48CD;
					};
					34EC82512A402CFA00BA48CD = {
						CreatedOnToolsVersion = 12.5.1;
						TestTargetID = 34EC82352A402CF700BA48CD;
					};
				};
			};
			buildConfigurationList = 34EC82312A402CF700BA48CD /* Build configuration list for PBXProject "Spotify" */;
			compatibilityVersion = "Xcode 9.3";
			developmentRegion = en;
			hasScannedForEncodings = 0;
			knownRegions = (
				en,
				Base,
			);
			mainGroup = 34EC822D2A402CF700BA48CD;
			productRefGroup = 34EC82372A402CF700BA48CD /* Products */;
			projectDirPath = "";
			projectRoot = "";
			targets = (
				34EC82352A402CF700BA48CD /* Spotify */,
				34EC82462A402CFA00BA48CD /* SpotifyTests */,
				34EC82512A402CFA00BA48CD /* SpotifyUITests */,
			);
		};
/* End PBXProject section */

/* Begin PBXResourcesBuildPhase section */
		34EC82342A402CF700BA48CD /* Resources */ = {
			isa = PBXResourcesBuildPhase;
			buildActionMask = 2147483647;
			files = (
				34EC82412A402CF900BA48CD /* Preview Assets.xcassets in Resources */,
				34EC823E2A402CF900BA48CD /* Assets.xcassets in Resources */,
				34240EAC2A41E9DC00DA1957 /* GoogleService-Info.plist in Resources */,
			);
			runOnlyForDeploymentPostprocessing = 0;
		};
		34EC82452A402CFA00BA48CD /* Resources */ = {
			isa = PBXResourcesBuildPhase;
			buildActionMask = 2147483647;
			files = (
			);
			runOnlyForDeploymentPostprocessing = 0;
		};
		34EC82502A402CFA00BA48CD /* Resources */ = {
			isa = PBXResourcesBuildPhase;
			buildActionMask = 2147483647;
			files = (
			);
			runOnlyForDeploymentPostprocessing = 0;
		};
/* End PBXResourcesBuildPhase section */

/* Begin PBXShellScriptBuildPhase section */
		3AAAD3C0162D666CF7587E95 /* [CP] Check Pods Manifest.lock */ = {
			isa = PBXShellScriptBuildPhase;
			buildActionMask = 2147483647;
			files = (
			);
			inputFileListPaths = (
			);
			inputPaths = (
				"${PODS_PODFILE_DIR_PATH}/Podfile.lock",
				"${PODS_ROOT}/Manifest.lock",
			);
			name = "[CP] Check Pods Manifest.lock";
			outputFileListPaths = (
			);
			outputPaths = (
				"$(DERIVED_FILE_DIR)/Pods-Spotify-checkManifestLockResult.txt",
			);
			runOnlyForDeploymentPostprocessing = 0;
			shellPath = /bin/sh;
			shellScript = "diff \"${PODS_PODFILE_DIR_PATH}/Podfile.lock\" \"${PODS_ROOT}/Manifest.lock\" > /dev/null\nif [ $? != 0 ] ; then\n    # print error to STDERR\n    echo \"error: The sandbox is not in sync with the Podfile.lock. Run 'pod install' or update your CocoaPods installation.\" >&2\n    exit 1\nfi\n# This output is used by Xcode 'outputs' to avoid re-running this script phase.\necho \"SUCCESS\" > \"${SCRIPT_OUTPUT_FILE_0}\"\n";
			showEnvVarsInLog = 0;
		};
		7B67BA02701101C63B077E45 /* [CP] Embed Pods Frameworks */ = {
			isa = PBXShellScriptBuildPhase;
			buildActionMask = 2147483647;
			files = (
			);
			inputFileListPaths = (
				"${PODS_ROOT}/Target Support Files/Pods-Spotify-SpotifyUITests/Pods-Spotify-SpotifyUITests-frameworks-${CONFIGURATION}-input-files.xcfilelist",
			);
			name = "[CP] Embed Pods Frameworks";
			outputFileListPaths = (
				"${PODS_ROOT}/Target Support Files/Pods-Spotify-SpotifyUITests/Pods-Spotify-SpotifyUITests-frameworks-${CONFIGURATION}-output-files.xcfilelist",
			);
			runOnlyForDeploymentPostprocessing = 0;
			shellPath = /bin/sh;
			shellScript = "\"${PODS_ROOT}/Target Support Files/Pods-Spotify-SpotifyUITests/Pods-Spotify-SpotifyUITests-frameworks.sh\"\n";
			showEnvVarsInLog = 0;
		};
		9D81280FB39708F842126FF0 /* [CP] Embed Pods Frameworks */ = {
			isa = PBXShellScriptBuildPhase;
			buildActionMask = 2147483647;
			files = (
			);
			inputFileListPaths = (
				"${PODS_ROOT}/Target Support Files/Pods-Spotify/Pods-Spotify-frameworks-${CONFIGURATION}-input-files.xcfilelist",
			);
			name = "[CP] Embed Pods Frameworks";
			outputFileListPaths = (
				"${PODS_ROOT}/Target Support Files/Pods-Spotify/Pods-Spotify-frameworks-${CONFIGURATION}-output-files.xcfilelist",
			);
			runOnlyForDeploymentPostprocessing = 0;
			shellPath = /bin/sh;
			shellScript = "\"${PODS_ROOT}/Target Support Files/Pods-Spotify/Pods-Spotify-frameworks.sh\"\n";
			showEnvVarsInLog = 0;
		};
		C7429E891F398B23842993FD /* [CP] Check Pods Manifest.lock */ = {
			isa = PBXShellScriptBuildPhase;
			buildActionMask = 2147483647;
			files = (
			);
			inputFileListPaths = (
			);
			inputPaths = (
				"${PODS_PODFILE_DIR_PATH}/Podfile.lock",
				"${PODS_ROOT}/Manifest.lock",
			);
			name = "[CP] Check Pods Manifest.lock";
			outputFileListPaths = (
			);
			outputPaths = (
				"$(DERIVED_FILE_DIR)/Pods-Spotify-SpotifyUITests-checkManifestLockResult.txt",
			);
			runOnlyForDeploymentPostprocessing = 0;
			shellPath = /bin/sh;
			shellScript = "diff \"${PODS_PODFILE_DIR_PATH}/Podfile.lock\" \"${PODS_ROOT}/Manifest.lock\" > /dev/null\nif [ $? != 0 ] ; then\n    # print error to STDERR\n    echo \"error: The sandbox is not in sync with the Podfile.lock. Run 'pod install' or update your CocoaPods installation.\" >&2\n    exit 1\nfi\n# This output is used by Xcode 'outputs' to avoid re-running this script phase.\necho \"SUCCESS\" > \"${SCRIPT_OUTPUT_FILE_0}\"\n";
			showEnvVarsInLog = 0;
		};
		FB21263D9AC2679239899817 /* [CP] Check Pods Manifest.lock */ = {
			isa = PBXShellScriptBuildPhase;
			buildActionMask = 2147483647;
			files = (
			);
			inputFileListPaths = (
			);
			inputPaths = (
				"${PODS_PODFILE_DIR_PATH}/Podfile.lock",
				"${PODS_ROOT}/Manifest.lock",
			);
			name = "[CP] Check Pods Manifest.lock";
			outputFileListPaths = (
			);
			outputPaths = (
				"$(DERIVED_FILE_DIR)/Pods-SpotifyTests-checkManifestLockResult.txt",
			);
			runOnlyForDeploymentPostprocessing = 0;
			shellPath = /bin/sh;
			shellScript = "diff \"${PODS_PODFILE_DIR_PATH}/Podfile.lock\" \"${PODS_ROOT}/Manifest.lock\" > /dev/null\nif [ $? != 0 ] ; then\n    # print error to STDERR\n    echo \"error: The sandbox is not in sync with the Podfile.lock. Run 'pod install' or update your CocoaPods installation.\" >&2\n    exit 1\nfi\n# This output is used by Xcode 'outputs' to avoid re-running this script phase.\necho \"SUCCESS\" > \"${SCRIPT_OUTPUT_FILE_0}\"\n";
			showEnvVarsInLog = 0;
		};
/* End PBXShellScriptBuildPhase section */

/* Begin PBXSourcesBuildPhase section */
		34EC82322A402CF700BA48CD /* Sources */ = {
			isa = PBXSourcesBuildPhase;
			buildActionMask = 2147483647;
			files = (
				34240EA82A41E6DF00DA1957 /* SignUp.swift in Sources */,
				34EC823C2A402CF700BA48CD /* ContentView.swift in Sources */,
				34240EAA2A41E71D00DA1957 /* SignUpViewModel.swift in Sources */,
				34240EA22A41E4B600DA1957 /* Login.swift in Sources */,
				34240EA62A41E57000DA1957 /* LoginViewModel.swift in Sources */,
				3450F9FA2A451CD100FE01EC /* User.swift in Sources */,
				34EC823A2A402CF700BA48CD /* SpotifyApp.swift in Sources */,
				34240E9F2A41E3F200DA1957 /* Artist.swift in Sources */,
				34EC826A2A402EEE00BA48CD /* EmptyStateView.swift in Sources */,
			);
			runOnlyForDeploymentPostprocessing = 0;
		};
		34EC82432A402CFA00BA48CD /* Sources */ = {
			isa = PBXSourcesBuildPhase;
			buildActionMask = 2147483647;
			files = (
				34EC824C2A402CFA00BA48CD /* SpotifyTests.swift in Sources */,
			);
			runOnlyForDeploymentPostprocessing = 0;
		};
		34EC824E2A402CFA00BA48CD /* Sources */ = {
			isa = PBXSourcesBuildPhase;
			buildActionMask = 2147483647;
			files = (
				34EC82572A402CFA00BA48CD /* SpotifyUITests.swift in Sources */,
			);
			runOnlyForDeploymentPostprocessing = 0;
		};
/* End PBXSourcesBuildPhase section */

/* Begin PBXTargetDependency section */
		34EC82492A402CFA00BA48CD /* PBXTargetDependency */ = {
			isa = PBXTargetDependency;
			target = 34EC82352A402CF700BA48CD /* Spotify */;
			targetProxy = 34EC82482A402CFA00BA48CD /* PBXContainerItemProxy */;
		};
		34EC82542A402CFA00BA48CD /* PBXTargetDependency */ = {
			isa = PBXTargetDependency;
			target = 34EC82352A402CF700BA48CD /* Spotify */;
			targetProxy = 34EC82532A402CFA00BA48CD /* PBXContainerItemProxy */;
		};
/* End PBXTargetDependency section */

/* Begin XCBuildConfiguration section */
		34EC82592A402CFA00BA48CD /* Debug */ = {
			isa = XCBuildConfiguration;
			buildSettings = {
				ALWAYS_SEARCH_USER_PATHS = NO;
				CLANG_ANALYZER_NONNULL = YES;
				CLANG_ANALYZER_NUMBER_OBJECT_CONVERSION = YES_AGGRESSIVE;
				CLANG_CXX_LANGUAGE_STANDARD = "gnu++14";
				CLANG_CXX_LIBRARY = "libc++";
				CLANG_ENABLE_MODULES = YES;
				CLANG_ENABLE_OBJC_ARC = YES;
				CLANG_ENABLE_OBJC_WEAK = YES;
				CLANG_WARN_BLOCK_CAPTURE_AUTORELEASING = YES;
				CLANG_WARN_BOOL_CONVERSION = YES;
				CLANG_WARN_COMMA = YES;
				CLANG_WARN_CONSTANT_CONVERSION = YES;
				CLANG_WARN_DEPRECATED_OBJC_IMPLEMENTATIONS = YES;
				CLANG_WARN_DIRECT_OBJC_ISA_USAGE = YES_ERROR;
				CLANG_WARN_DOCUMENTATION_COMMENTS = YES;
				CLANG_WARN_EMPTY_BODY = YES;
				CLANG_WARN_ENUM_CONVERSION = YES;
				CLANG_WARN_INFINITE_RECURSION = YES;
				CLANG_WARN_INT_CONVERSION = YES;
				CLANG_WARN_NON_LITERAL_NULL_CONVERSION = YES;
				CLANG_WARN_OBJC_IMPLICIT_RETAIN_SELF = YES;
				CLANG_WARN_OBJC_LITERAL_CONVERSION = YES;
				CLANG_WARN_OBJC_ROOT_CLASS = YES_ERROR;
				CLANG_WARN_QUOTED_INCLUDE_IN_FRAMEWORK_HEADER = YES;
				CLANG_WARN_RANGE_LOOP_ANALYSIS = YES;
				CLANG_WARN_STRICT_PROTOTYPES = YES;
				CLANG_WARN_SUSPICIOUS_MOVE = YES;
				CLANG_WARN_UNGUARDED_AVAILABILITY = YES_AGGRESSIVE;
				CLANG_WARN_UNREACHABLE_CODE = YES;
				CLANG_WARN__DUPLICATE_METHOD_MATCH = YES;
				COPY_PHASE_STRIP = NO;
				DEBUG_INFORMATION_FORMAT = dwarf;
				ENABLE_STRICT_OBJC_MSGSEND = YES;
				ENABLE_TESTABILITY = YES;
				GCC_C_LANGUAGE_STANDARD = gnu11;
				GCC_DYNAMIC_NO_PIC = NO;
				GCC_NO_COMMON_BLOCKS = YES;
				GCC_OPTIMIZATION_LEVEL = 0;
				GCC_PREPROCESSOR_DEFINITIONS = (
					"DEBUG=1",
					"$(inherited)",
				);
				GCC_WARN_64_TO_32_BIT_CONVERSION = YES;
				GCC_WARN_ABOUT_RETURN_TYPE = YES_ERROR;
				GCC_WARN_UNDECLARED_SELECTOR = YES;
				GCC_WARN_UNINITIALIZED_AUTOS = YES_AGGRESSIVE;
				GCC_WARN_UNUSED_FUNCTION = YES;
				GCC_WARN_UNUSED_VARIABLE = YES;
				IPHONEOS_DEPLOYMENT_TARGET = 14.5;
				MTL_ENABLE_DEBUG_INFO = INCLUDE_SOURCE;
				MTL_FAST_MATH = YES;
				ONLY_ACTIVE_ARCH = YES;
				SDKROOT = iphoneos;
				SWIFT_ACTIVE_COMPILATION_CONDITIONS = DEBUG;
				SWIFT_OPTIMIZATION_LEVEL = "-Onone";
			};
			name = Debug;
		};
		34EC825A2A402CFA00BA48CD /* Release */ = {
			isa = XCBuildConfiguration;
			buildSettings = {
				ALWAYS_SEARCH_USER_PATHS = NO;
				CLANG_ANALYZER_NONNULL = YES;
				CLANG_ANALYZER_NUMBER_OBJECT_CONVERSION = YES_AGGRESSIVE;
				CLANG_CXX_LANGUAGE_STANDARD = "gnu++14";
				CLANG_CXX_LIBRARY = "libc++";
				CLANG_ENABLE_MODULES = YES;
				CLANG_ENABLE_OBJC_ARC = YES;
				CLANG_ENABLE_OBJC_WEAK = YES;
				CLANG_WARN_BLOCK_CAPTURE_AUTORELEASING = YES;
				CLANG_WARN_BOOL_CONVERSION = YES;
				CLANG_WARN_COMMA = YES;
				CLANG_WARN_CONSTANT_CONVERSION = YES;
				CLANG_WARN_DEPRECATED_OBJC_IMPLEMENTATIONS = YES;
				CLANG_WARN_DIRECT_OBJC_ISA_USAGE = YES_ERROR;
				CLANG_WARN_DOCUMENTATION_COMMENTS = YES;
				CLANG_WARN_EMPTY_BODY = YES;
				CLANG_WARN_ENUM_CONVERSION = YES;
				CLANG_WARN_INFINITE_RECURSION = YES;
				CLANG_WARN_INT_CONVERSION = YES;
				CLANG_WARN_NON_LITERAL_NULL_CONVERSION = YES;
				CLANG_WARN_OBJC_IMPLICIT_RETAIN_SELF = YES;
				CLANG_WARN_OBJC_LITERAL_CONVERSION = YES;
				CLANG_WARN_OBJC_ROOT_CLASS = YES_ERROR;
				CLANG_WARN_QUOTED_INCLUDE_IN_FRAMEWORK_HEADER = YES;
				CLANG_WARN_RANGE_LOOP_ANALYSIS = YES;
				CLANG_WARN_STRICT_PROTOTYPES = YES;
				CLANG_WARN_SUSPICIOUS_MOVE = YES;
				CLANG_WARN_UNGUARDED_AVAILABILITY = YES_AGGRESSIVE;
				CLANG_WARN_UNREACHABLE_CODE = YES;
				CLANG_WARN__DUPLICATE_METHOD_MATCH = YES;
				COPY_PHASE_STRIP = NO;
				DEBUG_INFORMATION_FORMAT = "dwarf-with-dsym";
				ENABLE_NS_ASSERTIONS = NO;
				ENABLE_STRICT_OBJC_MSGSEND = YES;
				GCC_C_LANGUAGE_STANDARD = gnu11;
				GCC_NO_COMMON_BLOCKS = YES;
				GCC_WARN_64_TO_32_BIT_CONVERSION = YES;
				GCC_WARN_ABOUT_RETURN_TYPE = YES_ERROR;
				GCC_WARN_UNDECLARED_SELECTOR = YES;
				GCC_WARN_UNINITIALIZED_AUTOS = YES_AGGRESSIVE;
				GCC_WARN_UNUSED_FUNCTION = YES;
				GCC_WARN_UNUSED_VARIABLE = YES;
				IPHONEOS_DEPLOYMENT_TARGET = 14.5;
				MTL_ENABLE_DEBUG_INFO = NO;
				MTL_FAST_MATH = YES;
				SDKROOT = iphoneos;
				SWIFT_COMPILATION_MODE = wholemodule;
				SWIFT_OPTIMIZATION_LEVEL = "-O";
				VALIDATE_PRODUCT = YES;
			};
			name = Release;
		};
		34EC825C2A402CFA00BA48CD /* Debug */ = {
			isa = XCBuildConfiguration;
			baseConfigurationReference = C92FC34CFBB65017DCABBCC6 /* Pods-Spotify.debug.xcconfig */;
			buildSettings = {
				ASSETCATALOG_COMPILER_APPICON_NAME = AppIcon;
				ASSETCATALOG_COMPILER_GLOBAL_ACCENT_COLOR_NAME = AccentColor;
				CODE_SIGN_STYLE = Automatic;
				DEVELOPMENT_ASSET_PATHS = "\"Spotify/Preview Content\"";
				ENABLE_PREVIEWS = YES;
				INFOPLIST_FILE = Spotify/Info.plist;
				IPHONEOS_DEPLOYMENT_TARGET = 14.0;
				LD_RUNPATH_SEARCH_PATHS = (
					"$(inherited)",
					"@executable_path/Frameworks",
				);
				PRODUCT_BUNDLE_IDENTIFIER = joseph.Spotify;
				PRODUCT_NAME = "$(TARGET_NAME)";
				SWIFT_VERSION = 5.0;
				TARGETED_DEVICE_FAMILY = "1,2";
			};
			name = Debug;
		};
		34EC825D2A402CFA00BA48CD /* Release */ = {
			isa = XCBuildConfiguration;
			baseConfigurationReference = 0B72A177B9EA200EE00E02FA /* Pods-Spotify.release.xcconfig */;
			buildSettings = {
				ASSETCATALOG_COMPILER_APPICON_NAME = AppIcon;
				ASSETCATALOG_COMPILER_GLOBAL_ACCENT_COLOR_NAME = AccentColor;
				CODE_SIGN_STYLE = Automatic;
				DEVELOPMENT_ASSET_PATHS = "\"Spotify/Preview Content\"";
				ENABLE_PREVIEWS = YES;
				INFOPLIST_FILE = Spotify/Info.plist;
				IPHONEOS_DEPLOYMENT_TARGET = 14.0;
				LD_RUNPATH_SEARCH_PATHS = (
					"$(inherited)",
					"@executable_path/Frameworks",
				);
				PRODUCT_BUNDLE_IDENTIFIER = joseph.Spotify;
				PRODUCT_NAME = "$(TARGET_NAME)";
				SWIFT_VERSION = 5.0;
				TARGETED_DEVICE_FAMILY = "1,2";
			};
			name = Release;
		};
		34EC825F2A402CFA00BA48CD /* Debug */ = {
			isa = XCBuildConfiguration;
			baseConfigurationReference = A5E7F26BC5A1D8A0BDE18D19 /* Pods-SpotifyTests.debug.xcconfig */;
			buildSettings = {
				ALWAYS_EMBED_SWIFT_STANDARD_LIBRARIES = YES;
				BUNDLE_LOADER = "$(TEST_HOST)";
				CODE_SIGN_STYLE = Automatic;
				INFOPLIST_FILE = SpotifyTests/Info.plist;
				IPHONEOS_DEPLOYMENT_TARGET = 14.0;
				LD_RUNPATH_SEARCH_PATHS = (
					"$(inherited)",
					"@executable_path/Frameworks",
					"@loader_path/Frameworks",
				);
				PRODUCT_BUNDLE_IDENTIFIER = joseph.SpotifyTests;
				PRODUCT_NAME = "$(TARGET_NAME)";
				SWIFT_VERSION = 5.0;
				TARGETED_DEVICE_FAMILY = "1,2";
				TEST_HOST = "$(BUILT_PRODUCTS_DIR)/Spotify.app/Spotify";
			};
			name = Debug;
		};
		34EC82602A402CFA00BA48CD /* Release */ = {
			isa = XCBuildConfiguration;
			baseConfigurationReference = 094C438CBA399D4AD4E788C1 /* Pods-SpotifyTests.release.xcconfig */;
			buildSettings = {
				ALWAYS_EMBED_SWIFT_STANDARD_LIBRARIES = YES;
				BUNDLE_LOADER = "$(TEST_HOST)";
				CODE_SIGN_STYLE = Automatic;
				INFOPLIST_FILE = SpotifyTests/Info.plist;
				IPHONEOS_DEPLOYMENT_TARGET = 14.0;
				LD_RUNPATH_SEARCH_PATHS = (
					"$(inherited)",
					"@executable_path/Frameworks",
					"@loader_path/Frameworks",
				);
				PRODUCT_BUNDLE_IDENTIFIER = joseph.SpotifyTests;
				PRODUCT_NAME = "$(TARGET_NAME)";
				SWIFT_VERSION = 5.0;
				TARGETED_DEVICE_FAMILY = "1,2";
				TEST_HOST = "$(BUILT_PRODUCTS_DIR)/Spotify.app/Spotify";
			};
			name = Release;
		};
		34EC82622A402CFA00BA48CD /* Debug */ = {
			isa = XCBuildConfiguration;
			baseConfigurationReference = 07D5FA7FAED09CD97AA4A2F5 /* Pods-Spotify-SpotifyUITests.debug.xcconfig */;
			buildSettings = {
				ALWAYS_EMBED_SWIFT_STANDARD_LIBRARIES = YES;
				CODE_SIGN_STYLE = Automatic;
				INFOPLIST_FILE = SpotifyUITests/Info.plist;
				LD_RUNPATH_SEARCH_PATHS = (
					"$(inherited)",
					"@executable_path/Frameworks",
					"@loader_path/Frameworks",
				);
				PRODUCT_BUNDLE_IDENTIFIER = joseph.SpotifyUITests;
				PRODUCT_NAME = "$(TARGET_NAME)";
				SWIFT_VERSION = 5.0;
				TARGETED_DEVICE_FAMILY = "1,2";
				TEST_TARGET_NAME = Spotify;
			};
			name = Debug;
		};
		34EC82632A402CFA00BA48CD /* Release */ = {
			isa = XCBuildConfiguration;
			baseConfigurationReference = 0CB14073BF810FB90BED3517 /* Pods-Spotify-SpotifyUITests.release.xcconfig */;
			buildSettings = {
				ALWAYS_EMBED_SWIFT_STANDARD_LIBRARIES = YES;
				CODE_SIGN_STYLE = Automatic;
				INFOPLIST_FILE = SpotifyUITests/Info.plist;
				LD_RUNPATH_SEARCH_PATHS = (
					"$(inherited)",
					"@executable_path/Frameworks",
					"@loader_path/Frameworks",
				);
				PRODUCT_BUNDLE_IDENTIFIER = joseph.SpotifyUITests;
				PRODUCT_NAME = "$(TARGET_NAME)";
				SWIFT_VERSION = 5.0;
				TARGETED_DEVICE_FAMILY = "1,2";
				TEST_TARGET_NAME = Spotify;
			};
			name = Release;
		};
/* End XCBuildConfiguration section */

/* Begin XCConfigurationList section */
		34EC82312A402CF700BA48CD /* Build configuration list for PBXProject "Spotify" */ = {
			isa = XCConfigurationList;
			buildConfigurations = (
				34EC82592A402CFA00BA48CD /* Debug */,
				34EC825A2A402CFA00BA48CD /* Release */,
			);
			defaultConfigurationIsVisible = 0;
			defaultConfigurationName = Release;
		};
		34EC825B2A402CFA00BA48CD /* Build configuration list for PBXNativeTarget "Spotify" */ = {
			isa = XCConfigurationList;
			buildConfigurations = (
				34EC825C2A402CFA00BA48CD /* Debug */,
				34EC825D2A402CFA00BA48CD /* Release */,
			);
			defaultConfigurationIsVisible = 0;
			defaultConfigurationName = Release;
		};
		34EC825E2A402CFA00BA48CD /* Build configuration list for PBXNativeTarget "SpotifyTests" */ = {
			isa = XCConfigurationList;
			buildConfigurations = (
				34EC825F2A402CFA00BA48CD /* Debug */,
				34EC82602A402CFA00BA48CD /* Release */,
			);
			defaultConfigurationIsVisible = 0;
			defaultConfigurationName = Release;
		};
		34EC82612A402CFA00BA48CD /* Build configuration list for PBXNativeTarget "SpotifyUITests" */ = {
			isa = XCConfigurationList;
			buildConfigurations = (
				34EC82622A402CFA00BA48CD /* Debug */,
				34EC82632A402CFA00BA48CD /* Release */,
			);
			defaultConfigurationIsVisible = 0;
			defaultConfigurationName = Release;
		};
/* End XCConfigurationList section */
	};
	rootObject = 34EC822E2A402CF700BA48CD /* Project object */;
}
