// !$*UTF8*$!
{
	archiveVersion = 1;
	classes = {
	};
	objectVersion = 50;
	objects = {

/* Begin PBXBuildFile section */
		34EC823A2A402CF700BA48CD /* SpotifyApp.swift in Sources */ = {isa = PBXBuildFile; fileRef = 34EC82392A402CF700BA48CD /* SpotifyApp.swift */; };
		34EC823C2A402CF700BA48CD /* ContentView.swift in Sources */ = {isa = PBXBuildFile; fileRef = 34EC823B2A402CF700BA48CD /* ContentView.swift */; };
		34EC823E2A402CF900BA48CD /* Assets.xcassets in Resources */ = {isa = PBXBuildFile; fileRef = 34EC823D2A402CF900BA48CD /* Assets.xcassets */; };
		34EC82412A402CF900BA48CD /* Preview Assets.xcassets in Resources */ = {isa = PBXBuildFile; fileRef = 34EC82402A402CF900BA48CD /* Preview Assets.xcassets */; };
		34EC824C2A402CFA00BA48CD /* SpotifyTests.swift in Sources */ = {isa = PBXBuildFile; fileRef = 34EC824B2A402CFA00BA48CD /* SpotifyTests.swift */; };
		34EC82572A402CFA00BA48CD /* SpotifyUITests.swift in Sources */ = {isa = PBXBuildFile; fileRef = 34EC82562A402CFA00BA48CD /* SpotifyUITests.swift */; };
		34EC82662A402E0200BA48CD /* SwiftUIView.swift in Sources */ = {isa = PBXBuildFile; fileRef = 34EC82652A402E0200BA48CD /* SwiftUIView.swift */; };
		34EC826A2A402EEE00BA48CD /* EmptyStateView.swift in Sources */ = {isa = PBXBuildFile; fileRef = 34EC82692A402EEE00BA48CD /* EmptyStateView.swift */; };
/* End PBXBuildFile section */

/* Begin PBXContainerItemProxy section */
		34EC82482A402CFA00BA48CD /* PBXContainerItemProxy */ = {
			isa = PBXContainerItemProxy;
			containerPortal = 34EC822E2A402CF700BA48CD /* Project object */;
			proxyType = 1;
			remoteGlobalIDString = 34EC82352A402CF700BA48CD;
			remoteInfo = Spotify;
		};
		34EC82532A402CFA00BA48CD /* PBXContainerItemProxy */ = {
			isa = PBXContainerItemProxy;
			containerPortal = 34EC822E2A402CF700BA48CD /* Project object */;
			proxyType = 1;
			remoteGlobalIDString = 34EC82352A402CF700BA48CD;
			remoteInfo = Spotify;
		};
/* End PBXContainerItemProxy section */

/* Begin PBXFileReference section */
		34EC82362A402CF700BA48CD /* Spotify.app */ = {isa = PBXFileReference; explicitFileType = wrapper.application; includeInIndex = 0; path = Spotify.app; sourceTree = BUILT_PRODUCTS_DIR; };
		34EC82392A402CF700BA48CD /* SpotifyApp.swift */ = {isa = PBXFileReference; lastKnownFileType = sourcecode.swift; path = SpotifyApp.swift; sourceTree = "<group>"; };
		34EC823B2A402CF700BA48CD /* ContentView.swift */ = {isa = PBXFileReference; lastKnownFileType = sourcecode.swift; path = ContentView.swift; sourceTree = "<group>"; };
		34EC823D2A402CF900BA48CD /* Assets.xcassets */ = {isa = PBXFileReference; lastKnownFileType = folder.assetcatalog; path = Assets.xcassets; sourceTree = "<group>"; };
		34EC82402A402CF900BA48CD /* Preview Assets.xcassets */ = {isa = PBXFileReference; lastKnownFileType = folder.assetcatalog; path = "Preview Assets.xcassets"; sourceTree = "<group>"; };
		34EC82422A402CF900BA48CD /* Info.plist */ = {isa = PBXFileReference; lastKnownFileType = text.plist.xml; path = Info.plist; sourceTree = "<group>"; };
		34EC82472A402CFA00BA48CD /* SpotifyTests.xctest */ = {isa = PBXFileReference; explicitFileType = wrapper.cfbundle; includeInIndex = 0; path = SpotifyTests.xctest; sourceTree = BUILT_PRODUCTS_DIR; };
		34EC824B2A402CFA00BA48CD /* SpotifyTests.swift */ = {isa = PBXFileReference; lastKnownFileType = sourcecode.swift; path = SpotifyTests.swift; sourceTree = "<group>"; };
		34EC824D2A402CFA00BA48CD /* Info.plist */ = {isa = PBXFileReference; lastKnownFileType = text.plist.xml; path = Info.plist; sourceTree = "<group>"; };
		34EC82522A402CFA00BA48CD /* SpotifyUITests.xctest */ = {isa = PBXFileReference; explicitFileType = wrapper.cfbundle; includeInIndex = 0; path = SpotifyUITests.xctest; sourceTree = BUILT_PRODUCTS_DIR; };
		34EC82562A402CFA00BA48CD /* SpotifyUITests.swift */ = {isa = PBXFileReference; lastKnownFileType = sourcecode.swift; path = SpotifyUITests.swift; sourceTree = "<group>"; };
		34EC82582A402CFA00BA48CD /* Info.plist */ = {isa = PBXFileReference; lastKnownFileType = text.plist.xml; path = Info.plist; sourceTree = "<group>"; };
		34EC82652A402E0200BA48CD /* SwiftUIView.swift */ = {isa = PBXFileReference; lastKnownFileType = sourcecode.swift; path = SwiftUIView.swift; sourceTree = "<group>"; };
		34EC82692A402EEE00BA48CD /* EmptyStateView.swift */ = {isa = PBXFileReference; lastKnownFileType = sourcecode.swift; path = EmptyStateView.swift; sourceTree = "<group>"; };
/* End PBXFileReference section */

/* Begin PBXFrameworksBuildPhase section */
		34EC82332A402CF700BA48CD /* Frameworks */ = {
			isa = PBXFrameworksBuildPhase;
			buildActionMask = 2147483647;
			files = (
			);
			runOnlyForDeploymentPostprocessing = 0;
		};
		34EC82442A402CFA00BA48CD /* Frameworks */ = {
			isa = PBXFrameworksBuildPhase;
			buildActionMask = 2147483647;
			files = (
			);
			runOnlyForDeploymentPostprocessing = 0;
		};
		34EC824F2A402CFA00BA48CD /* Frameworks */ = {
			isa = PBXFrameworksBuildPhase;
			buildActionMask = 2147483647;
			files = (
			);
			runOnlyForDeploymentPostprocessing = 0;
		};
/* End PBXFrameworksBuildPhase section */

/* Begin PBXGroup section */
		34EC822D2A402CF700BA48CD = {
			isa = PBXGroup;
			children = (
				34EC82382A402CF700BA48CD /* Spotify */,
				34EC824A2A402CFA00BA48CD /* SpotifyTests */,
				34EC82552A402CFA00BA48CD /* SpotifyUITests */,
				34EC82372A402CF700BA48CD /* Products */,
			);
			sourceTree = "<group>";
		};
		34EC82372A402CF700BA48CD /* Products */ = {
			isa = PBXGroup;
			children = (
				34EC82362A402CF700BA48CD /* Spotify.app */,
				34EC82472A402CFA00BA48CD /* SpotifyTests.xctest */,
				34EC82522A402CFA00BA48CD /* SpotifyUITests.xctest */,
			);
			name = Products;
			sourceTree = "<group>";
		};
		34EC82382A402CF700BA48CD /* Spotify */ = {
			isa = PBXGroup;
			children = (
				34EC82672A402ECE00BA48CD /* View */,
				34EC82642A402DE700BA48CD /* Model */,
				34EC82392A402CF700BA48CD /* SpotifyApp.swift */,
				34EC823B2A402CF700BA48CD /* ContentView.swift */,
				34EC823D2A402CF900BA48CD /* Assets.xcassets */,
				34EC82422A402CF900BA48CD /* Info.plist */,
				34EC823F2A402CF900BA48CD /* Preview Content */,
			);
			path = Spotify;
			sourceTree = "<group>";
		};
		34EC823F2A402CF900BA48CD /* Preview Content */ = {
			isa = PBXGroup;
			children = (
				34EC82402A402CF900BA48CD /* Preview Assets.xcassets */,
			);
			path = "Preview Content";
			sourceTree = "<group>";
		};
		34EC824A2A402CFA00BA48CD /* SpotifyTests */ = {
			isa = PBXGroup;
			children = (
				34EC824B2A402CFA00BA48CD /* SpotifyTests.swift */,
				34EC824D2A402CFA00BA48CD /* Info.plist */,
			);
			path = SpotifyTests;
			sourceTree = "<group>";
		};
		34EC82552A402CFA00BA48CD /* SpotifyUITests */ = {
			isa = PBXGroup;
			children = (
				34EC82562A402CFA00BA48CD /* SpotifyUITests.swift */,
				34EC82582A402CFA00BA48CD /* Info.plist */,
			);
			path = SpotifyUITests;
			sourceTree = "<group>";
		};
		34EC82642A402DE700BA48CD /* Model */ = {
			isa = PBXGroup;
			children = (
				34EC82652A402E0200BA48CD /* SwiftUIView.swift */,
			);
			path = Model;
			sourceTree = "<group>";
		};
		34EC82672A402ECE00BA48CD /* View */ = {
			isa = PBXGroup;
			children = (
				34EC82682A402ED900BA48CD /* Search */,
			);
			path = View;
			sourceTree = "<group>";
		};
		34EC82682A402ED900BA48CD /* Search */ = {
			isa = PBXGroup;
			children = (
				34EC82692A402EEE00BA48CD /* EmptyStateView.swift */,
			);
			path = Search;
			sourceTree = "<group>";
		};
/* End PBXGroup section */

/* Begin PBXNativeTarget section */
		34EC82352A402CF700BA48CD /* Spotify */ = {
			isa = PBXNativeTarget;
			buildConfigurationList = 34EC825B2A402CFA00BA48CD /* Build configuration list for PBXNativeTarget "Spotify" */;
			buildPhases = (
				34EC82322A402CF700BA48CD /* Sources */,
				34EC82332A402CF700BA48CD /* Frameworks */,
				34EC82342A402CF700BA48CD /* Resources */,
			);
			buildRules = (
			);
			dependencies = (
			);
			name = Spotify;
			productName = Spotify;
			productReference = 34EC82362A402CF700BA48CD /* Spotify.app */;
			productType = "com.apple.product-type.application";
		};
		34EC82462A402CFA00BA48CD /* SpotifyTests */ = {
			isa = PBXNativeTarget;
			buildConfigurationList = 34EC825E2A402CFA00BA48CD /* Build configuration list for PBXNativeTarget "SpotifyTests" */;
			buildPhases = (
				34EC82432A402CFA00BA48CD /* Sources */,
				34EC82442A402CFA00BA48CD /* Frameworks */,
				34EC82452A402CFA00BA48CD /* Resources */,
			);
			buildRules = (
			);
			dependencies = (
				34EC82492A402CFA00BA48CD /* PBXTargetDependency */,
			);
			name = SpotifyTests;
			productName = SpotifyTests;
			productReference = 34EC82472A402CFA00BA48CD /* SpotifyTests.xctest */;
			productType = "com.apple.product-type.bundle.unit-test";
		};
		34EC82512A402CFA00BA48CD /* SpotifyUITests */ = {
			isa = PBXNativeTarget;
			buildConfigurationList = 34EC82612A402CFA00BA48CD /* Build configuration list for PBXNativeTarget "SpotifyUITests" */;
			buildPhases = (
				34EC824E2A402CFA00BA48CD /* Sources */,
				34EC824F2A402CFA00BA48CD /* Frameworks */,
				34EC82502A402CFA00BA48CD /* Resources */,
			);
			buildRules = (
			);
			dependencies = (
				34EC82542A402CFA00BA48CD /* PBXTargetDependency */,
			);
			name = SpotifyUITests;
			productName = SpotifyUITests;
			productReference = 34EC82522A402CFA00BA48CD /* SpotifyUITests.xctest */;
			productType = "com.apple.product-type.bundle.ui-testing";
		};
/* End PBXNativeTarget section */

/* Begin PBXProject section */
		34EC822E2A402CF700BA48CD /* Project object */ = {
			isa = PBXProject;
			attributes = {
				LastSwiftUpdateCheck = 1250;
				LastUpgradeCheck = 1250;
				TargetAttributes = {
					34EC82352A402CF700BA48CD = {
						CreatedOnToolsVersion = 12.5.1;
					};
					34EC82462A402CFA00BA48CD = {
						CreatedOnToolsVersion = 12.5.1;
						TestTargetID = 34EC82352A402CF700BA48CD;
					};
					34EC82512A402CFA00BA48CD = {
						CreatedOnToolsVersion = 12.5.1;
						TestTargetID = 34EC82352A402CF700BA48CD;
					};
				};
			};
			buildConfigurationList = 34EC82312A402CF700BA48CD /* Build configuration list for PBXProject "Spotify" */;
			compatibilityVersion = "Xcode 9.3";
			developmentRegion = en;
			hasScannedForEncodings = 0;
			knownRegions = (
				en,
				Base,
			);
			mainGroup = 34EC822D2A402CF700BA48CD;
			productRefGroup = 34EC82372A402CF700BA48CD /* Products */;
			projectDirPath = "";
			projectRoot = "";
			targets = (
				34EC82352A402CF700BA48CD /* Spotify */,
				34EC82462A402CFA00BA48CD /* SpotifyTests */,
				34EC82512A402CFA00BA48CD /* SpotifyUITests */,
			);
		};
/* End PBXProject section */

/* Begin PBXResourcesBuildPhase section */
		34EC82342A402CF700BA48CD /* Resources */ = {
			isa = PBXResourcesBuildPhase;
			buildActionMask = 2147483647;
			files = (
				34EC82412A402CF900BA48CD /* Preview Assets.xcassets in Resources */,
				34EC823E2A402CF900BA48CD /* Assets.xcassets in Resources */,
			);
			runOnlyForDeploymentPostprocessing = 0;
		};
		34EC82452A402CFA00BA48CD /* Resources */ = {
			isa = PBXResourcesBuildPhase;
			buildActionMask = 2147483647;
			files = (
			);
			runOnlyForDeploymentPostprocessing = 0;
		};
		34EC82502A402CFA00BA48CD /* Resources */ = {
			isa = PBXResourcesBuildPhase;
			buildActionMask = 2147483647;
			files = (
			);
			runOnlyForDeploymentPostprocessing = 0;
		};
/* End PBXResourcesBuildPhase section */

/* Begin PBXSourcesBuildPhase section */
		34EC82322A402CF700BA48CD /* Sources */ = {
			isa = PBXSourcesBuildPhase;
			buildActionMask = 2147483647;
			files = (
				34EC823C2A402CF700BA48CD /* ContentView.swift in Sources */,
				34EC823A2A402CF700BA48CD /* SpotifyApp.swift in Sources */,
				34EC826A2A402EEE00BA48CD /* EmptyStateView.swift in Sources */,
				34EC82662A402E0200BA48CD /* SwiftUIView.swift in Sources */,
			);
			runOnlyForDeploymentPostprocessing = 0;
		};
		34EC82432A402CFA00BA48CD /* Sources */ = {
			isa = PBXSourcesBuildPhase;
			buildActionMask = 2147483647;
			files = (
				34EC824C2A402CFA00BA48CD /* SpotifyTests.swift in Sources */,
			);
			runOnlyForDeploymentPostprocessing = 0;
		};
		34EC824E2A402CFA00BA48CD /* Sources */ = {
			isa = PBXSourcesBuildPhase;
			buildActionMask = 2147483647;
			files = (
				34EC82572A402CFA00BA48CD /* SpotifyUITests.swift in Sources */,
			);
			runOnlyForDeploymentPostprocessing = 0;
		};
/* End PBXSourcesBuildPhase section */

/* Begin PBXTargetDependency section */
		34EC82492A402CFA00BA48CD /* PBXTargetDependency */ = {
			isa = PBXTargetDependency;
			target = 34EC82352A402CF700BA48CD /* Spotify */;
			targetProxy = 34EC82482A402CFA00BA48CD /* PBXContainerItemProxy */;
		};
		34EC82542A402CFA00BA48CD /* PBXTargetDependency */ = {
			isa = PBXTargetDependency;
			target = 34EC82352A402CF700BA48CD /* Spotify */;
			targetProxy = 34EC82532A402CFA00BA48CD /* PBXContainerItemProxy */;
		};
/* End PBXTargetDependency section */

/* Begin XCBuildConfiguration section */
		34EC82592A402CFA00BA48CD /* Debug */ = {
			isa = XCBuildConfiguration;
			buildSettings = {
				ALWAYS_SEARCH_USER_PATHS = NO;
				CLANG_ANALYZER_NONNULL = YES;
				CLANG_ANALYZER_NUMBER_OBJECT_CONVERSION = YES_AGGRESSIVE;
				CLANG_CXX_LANGUAGE_STANDARD = "gnu++14";
				CLANG_CXX_LIBRARY = "libc++";
				CLANG_ENABLE_MODULES = YES;
				CLANG_ENABLE_OBJC_ARC = YES;
				CLANG_ENABLE_OBJC_WEAK = YES;
				CLANG_WARN_BLOCK_CAPTURE_AUTORELEASING = YES;
				CLANG_WARN_BOOL_CONVERSION = YES;
				CLANG_WARN_COMMA = YES;
				CLANG_WARN_CONSTANT_CONVERSION = YES;
				CLANG_WARN_DEPRECATED_OBJC_IMPLEMENTATIONS = YES;
				CLANG_WARN_DIRECT_OBJC_ISA_USAGE = YES_ERROR;
				CLANG_WARN_DOCUMENTATION_COMMENTS = YES;
				CLANG_WARN_EMPTY_BODY = YES;
				CLANG_WARN_ENUM_CONVERSION = YES;
				CLANG_WARN_INFINITE_RECURSION = YES;
				CLANG_WARN_INT_CONVERSION = YES;
				CLANG_WARN_NON_LITERAL_NULL_CONVERSION = YES;
				CLANG_WARN_OBJC_IMPLICIT_RETAIN_SELF = YES;
				CLANG_WARN_OBJC_LITERAL_CONVERSION = YES;
				CLANG_WARN_OBJC_ROOT_CLASS = YES_ERROR;
				CLANG_WARN_QUOTED_INCLUDE_IN_FRAMEWORK_HEADER = YES;
				CLANG_WARN_RANGE_LOOP_ANALYSIS = YES;
				CLANG_WARN_STRICT_PROTOTYPES = YES;
				CLANG_WARN_SUSPICIOUS_MOVE = YES;
				CLANG_WARN_UNGUARDED_AVAILABILITY = YES_AGGRESSIVE;
				CLANG_WARN_UNREACHABLE_CODE = YES;
				CLANG_WARN__DUPLICATE_METHOD_MATCH = YES;
				COPY_PHASE_STRIP = NO;
				DEBUG_INFORMATION_FORMAT = dwarf;
				ENABLE_STRICT_OBJC_MSGSEND = YES;
				ENABLE_TESTABILITY = YES;
				GCC_C_LANGUAGE_STANDARD = gnu11;
				GCC_DYNAMIC_NO_PIC = NO;
				GCC_NO_COMMON_BLOCKS = YES;
				GCC_OPTIMIZATION_LEVEL = 0;
				GCC_PREPROCESSOR_DEFINITIONS = (
					"DEBUG=1",
					"$(inherited)",
				);
				GCC_WARN_64_TO_32_BIT_CONVERSION = YES;
				GCC_WARN_ABOUT_RETURN_TYPE = YES_ERROR;
				GCC_WARN_UNDECLARED_SELECTOR = YES;
				GCC_WARN_UNINITIALIZED_AUTOS = YES_AGGRESSIVE;
				GCC_WARN_UNUSED_FUNCTION = YES;
				GCC_WARN_UNUSED_VARIABLE = YES;
				IPHONEOS_DEPLOYMENT_TARGET = 14.5;
				MTL_ENABLE_DEBUG_INFO = INCLUDE_SOURCE;
				MTL_FAST_MATH = YES;
				ONLY_ACTIVE_ARCH = YES;
				SDKROOT = iphoneos;
				SWIFT_ACTIVE_COMPILATION_CONDITIONS = DEBUG;
				SWIFT_OPTIMIZATION_LEVEL = "-Onone";
			};
			name = Debug;
		};
		34EC825A2A402CFA00BA48CD /* Release */ = {
			isa = XCBuildConfiguration;
			buildSettings = {
				ALWAYS_SEARCH_USER_PATHS = NO;
				CLANG_ANALYZER_NONNULL = YES;
				CLANG_ANALYZER_NUMBER_OBJECT_CONVERSION = YES_AGGRESSIVE;
				CLANG_CXX_LANGUAGE_STANDARD = "gnu++14";
				CLANG_CXX_LIBRARY = "libc++";
				CLANG_ENABLE_MODULES = YES;
				CLANG_ENABLE_OBJC_ARC = YES;
				CLANG_ENABLE_OBJC_WEAK = YES;
				CLANG_WARN_BLOCK_CAPTURE_AUTORELEASING = YES;
				CLANG_WARN_BOOL_CONVERSION = YES;
				CLANG_WARN_COMMA = YES;
				CLANG_WARN_CONSTANT_CONVERSION = YES;
				CLANG_WARN_DEPRECATED_OBJC_IMPLEMENTATIONS = YES;
				CLANG_WARN_DIRECT_OBJC_ISA_USAGE = YES_ERROR;
				CLANG_WARN_DOCUMENTATION_COMMENTS = YES;
				CLANG_WARN_EMPTY_BODY = YES;
				CLANG_WARN_ENUM_CONVERSION = YES;
				CLANG_WARN_INFINITE_RECURSION = YES;
				CLANG_WARN_INT_CONVERSION = YES;
				CLANG_WARN_NON_LITERAL_NULL_CONVERSION = YES;
				CLANG_WARN_OBJC_IMPLICIT_RETAIN_SELF = YES;
				CLANG_WARN_OBJC_LITERAL_CONVERSION = YES;
				CLANG_WARN_OBJC_ROOT_CLASS = YES_ERROR;
				CLANG_WARN_QUOTED_INCLUDE_IN_FRAMEWORK_HEADER = YES;
				CLANG_WARN_RANGE_LOOP_ANALYSIS = YES;
				CLANG_WARN_STRICT_PROTOTYPES = YES;
				CLANG_WARN_SUSPICIOUS_MOVE = YES;
				CLANG_WARN_UNGUARDED_AVAILABILITY = YES_AGGRESSIVE;
				CLANG_WARN_UNREACHABLE_CODE = YES;
				CLANG_WARN__DUPLICATE_METHOD_MATCH = YES;
				COPY_PHASE_STRIP = NO;
				DEBUG_INFORMATION_FORMAT = "dwarf-with-dsym";
				ENABLE_NS_ASSERTIONS = NO;
				ENABLE_STRICT_OBJC_MSGSEND = YES;
				GCC_C_LANGUAGE_STANDARD = gnu11;
				GCC_NO_COMMON_BLOCKS = YES;
				GCC_WARN_64_TO_32_BIT_CONVERSION = YES;
				GCC_WARN_ABOUT_RETURN_TYPE = YES_ERROR;
				GCC_WARN_UNDECLARED_SELECTOR = YES;
				GCC_WARN_UNINITIALIZED_AUTOS = YES_AGGRESSIVE;
				GCC_WARN_UNUSED_FUNCTION = YES;
				GCC_WARN_UNUSED_VARIABLE = YES;
				IPHONEOS_DEPLOYMENT_TARGET = 14.5;
				MTL_ENABLE_DEBUG_INFO = NO;
				MTL_FAST_MATH = YES;
				SDKROOT = iphoneos;
				SWIFT_COMPILATION_MODE = wholemodule;
				SWIFT_OPTIMIZATION_LEVEL = "-O";
				VALIDATE_PRODUCT = YES;
			};
			name = Release;
		};
		34EC825C2A402CFA00BA48CD /* Debug */ = {
			isa = XCBuildConfiguration;
			buildSettings = {
				ASSETCATALOG_COMPILER_APPICON_NAME = AppIcon;
				ASSETCATALOG_COMPILER_GLOBAL_ACCENT_COLOR_NAME = AccentColor;
				CODE_SIGN_STYLE = Automatic;
				DEVELOPMENT_ASSET_PATHS = "\"Spotify/Preview Content\"";
				ENABLE_PREVIEWS = YES;
				INFOPLIST_FILE = Spotify/Info.plist;
				IPHONEOS_DEPLOYMENT_TARGET = 14.0;
				LD_RUNPATH_SEARCH_PATHS = (
					"$(inherited)",
					"@executable_path/Frameworks",
				);
				PRODUCT_BUNDLE_IDENTIFIER = joseph.Spotify;
				PRODUCT_NAME = "$(TARGET_NAME)";
				SWIFT_VERSION = 5.0;
				TARGETED_DEVICE_FAMILY = "1,2";
			};
			name = Debug;
		};
		34EC825D2A402CFA00BA48CD /* Release */ = {
			isa = XCBuildConfiguration;
			buildSettings = {
				ASSETCATALOG_COMPILER_APPICON_NAME = AppIcon;
				ASSETCATALOG_COMPILER_GLOBAL_ACCENT_COLOR_NAME = AccentColor;
				CODE_SIGN_STYLE = Automatic;
				DEVELOPMENT_ASSET_PATHS = "\"Spotify/Preview Content\"";
				ENABLE_PREVIEWS = YES;
				INFOPLIST_FILE = Spotify/Info.plist;
				IPHONEOS_DEPLOYMENT_TARGET = 14.0;
				LD_RUNPATH_SEARCH_PATHS = (
					"$(inherited)",
					"@executable_path/Frameworks",
				);
				PRODUCT_BUNDLE_IDENTIFIER = joseph.Spotify;
				PRODUCT_NAME = "$(TARGET_NAME)";
				SWIFT_VERSION = 5.0;
				TARGETED_DEVICE_FAMILY = "1,2";
			};
			name = Release;
		};
		34EC825F2A402CFA00BA48CD /* Debug */ = {
			isa = XCBuildConfiguration;
			buildSettings = {
				ALWAYS_EMBED_SWIFT_STANDARD_LIBRARIES = YES;
				BUNDLE_LOADER = "$(TEST_HOST)";
				CODE_SIGN_STYLE = Automatic;
				INFOPLIST_FILE = SpotifyTests/Info.plist;
				IPHONEOS_DEPLOYMENT_TARGET = 14.0;
				LD_RUNPATH_SEARCH_PATHS = (
					"$(inherited)",
					"@executable_path/Frameworks",
					"@loader_path/Frameworks",
				);
				PRODUCT_BUNDLE_IDENTIFIER = joseph.SpotifyTests;
				PRODUCT_NAME = "$(TARGET_NAME)";
				SWIFT_VERSION = 5.0;
				TARGETED_DEVICE_FAMILY = "1,2";
				TEST_HOST = "$(BUILT_PRODUCTS_DIR)/Spotify.app/Spotify";
			};
			name = Debug;
		};
		34EC82602A402CFA00BA48CD /* Release */ = {
			isa = XCBuildConfiguration;
			buildSettings = {
				ALWAYS_EMBED_SWIFT_STANDARD_LIBRARIES = YES;
				BUNDLE_LOADER = "$(TEST_HOST)";
				CODE_SIGN_STYLE = Automatic;
				INFOPLIST_FILE = SpotifyTests/Info.plist;
				IPHONEOS_DEPLOYMENT_TARGET = 14.0;
				LD_RUNPATH_SEARCH_PATHS = (
					"$(inherited)",
					"@executable_path/Frameworks",
					"@loader_path/Frameworks",
				);
				PRODUCT_BUNDLE_IDENTIFIER = joseph.SpotifyTests;
				PRODUCT_NAME = "$(TARGET_NAME)";
				SWIFT_VERSION = 5.0;
				TARGETED_DEVICE_FAMILY = "1,2";
				TEST_HOST = "$(BUILT_PRODUCTS_DIR)/Spotify.app/Spotify";
			};
			name = Release;
		};
		34EC82622A402CFA00BA48CD /* Debug */ = {
			isa = XCBuildConfiguration;
			buildSettings = {
				ALWAYS_EMBED_SWIFT_STANDARD_LIBRARIES = YES;
				CODE_SIGN_STYLE = Automatic;
				INFOPLIST_FILE = SpotifyUITests/Info.plist;
				LD_RUNPATH_SEARCH_PATHS = (
					"$(inherited)",
					"@executable_path/Frameworks",
					"@loader_path/Frameworks",
				);
				PRODUCT_BUNDLE_IDENTIFIER = joseph.SpotifyUITests;
				PRODUCT_NAME = "$(TARGET_NAME)";
				SWIFT_VERSION = 5.0;
				TARGETED_DEVICE_FAMILY = "1,2";
				TEST_TARGET_NAME = Spotify;
			};
			name = Debug;
		};
		34EC82632A402CFA00BA48CD /* Release */ = {
			isa = XCBuildConfiguration;
			buildSettings = {
				ALWAYS_EMBED_SWIFT_STANDARD_LIBRARIES = YES;
				CODE_SIGN_STYLE = Automatic;
				INFOPLIST_FILE = SpotifyUITests/Info.plist;
				LD_RUNPATH_SEARCH_PATHS = (
					"$(inherited)",
					"@executable_path/Frameworks",
					"@loader_path/Frameworks",
				);
				PRODUCT_BUNDLE_IDENTIFIER = joseph.SpotifyUITests;
				PRODUCT_NAME = "$(TARGET_NAME)";
				SWIFT_VERSION = 5.0;
				TARGETED_DEVICE_FAMILY = "1,2";
				TEST_TARGET_NAME = Spotify;
			};
			name = Release;
		};
/* End XCBuildConfiguration section */

/* Begin XCConfigurationList section */
		34EC82312A402CF700BA48CD /* Build configuration list for PBXProject "Spotify" */ = {
			isa = XCConfigurationList;
			buildConfigurations = (
				34EC82592A402CFA00BA48CD /* Debug */,
				34EC825A2A402CFA00BA48CD /* Release */,
			);
			defaultConfigurationIsVisible = 0;
			defaultConfigurationName = Release;
		};
		34EC825B2A402CFA00BA48CD /* Build configuration list for PBXNativeTarget "Spotify" */ = {
			isa = XCConfigurationList;
			buildConfigurations = (
				34EC825C2A402CFA00BA48CD /* Debug */,
				34EC825D2A402CFA00BA48CD /* Release */,
			);
			defaultConfigurationIsVisible = 0;
			defaultConfigurationName = Release;
		};
		34EC825E2A402CFA00BA48CD /* Build configuration list for PBXNativeTarget "SpotifyTests" */ = {
			isa = XCConfigurationList;
			buildConfigurations = (
				34EC825F2A402CFA00BA48CD /* Debug */,
				34EC82602A402CFA00BA48CD /* Release */,
			);
			defaultConfigurationIsVisible = 0;
			defaultConfigurationName = Release;
		};
		34EC82612A402CFA00BA48CD /* Build configuration list for PBXNativeTarget "SpotifyUITests" */ = {
			isa = XCConfigurationList;
			buildConfigurations = (
				34EC82622A402CFA00BA48CD /* Debug */,
				34EC82632A402CFA00BA48CD /* Release */,
			);
			defaultConfigurationIsVisible = 0;
			defaultConfigurationName = Release;
		};
/* End XCConfigurationList section */
	};
	rootObject = 34EC822E2A402CF700BA48CD /* Project object */;
}
